
Microsoft Visual Studio Solution File, Format Version 12.00
# Visual Studio Version 17
VisualStudioVersion = 17.1.32421.90
MinimumVisualStudioVersion = 10.0.40219.1
Project("{FAE04EC0-301F-11D3-BF4B-00C04F79EFBC}") = "TestExerciseINSAP", "TestExerciseINSAP\TestExerciseINSAP.csproj", "{58CC934E-7805-4BA3-B811-7E3098180ADF}"
EndProject
Global
	GlobalSection(SolutionConfigurationPlatforms) = preSolution
		Debug|Any CPU = Debug|Any CPU
		Release|Any CPU = Release|Any CPU
	EndGlobalSection
	GlobalSection(ProjectConfigurationPlatforms) = postSolution
		{58CC934E-7805-4BA3-B811-7E3098180ADF}.Debug|Any CPU.ActiveCfg = Debug|Any CPU
		{58CC934E-7805-4BA3-B811-7E3098180ADF}.Debug|Any CPU.Build.0 = Debug|Any CPU
		{58CC934E-7805-4BA3-B811-7E3098180ADF}.Release|Any CPU.ActiveCfg = Release|Any CPU
		{58CC934E-7805-4BA3-B811-7E3098180ADF}.Release|Any CPU.Build.0 = Release|Any CPU
	EndGlobalSection
	GlobalSection(SolutionProperties) = preSolution
		HideSolutionNode = FALSE
	EndGlobalSection
	GlobalSection(ExtensibilityGlobals) = postSolution
		SolutionGuid = {90A76022-A084-47CD-8A99-808A9121BDE8}
	EndGlobalSection
EndGlobal
